
Microsoft Visual Studio Solution File, Format Version 12.00
# Visual Studio Version 17
VisualStudioVersion = 17.14.36414.22 d17.14
MinimumVisualStudioVersion = 10.0.40219.1
Project("{FAE04EC0-301F-11D3-BF4B-00C04F79EFBC}") = "EmployeeMgmt", "EmployeeMgmt\EmployeeMgmt.csproj", "{F9437BC9-D7ED-4B1E-A2D6-6AEE88AB3C9B}"
EndProject
Global
	GlobalSection(SolutionConfigurationPlatforms) = preSolution
		Debug|Any CPU = Debug|Any CPU
		Release|Any CPU = Release|Any CPU
	EndGlobalSection
	GlobalSection(ProjectConfigurationPlatforms) = postSolution
		{F9437BC9-D7ED-4B1E-A2D6-6AEE88AB3C9B}.Debug|Any CPU.ActiveCfg = Debug|Any CPU
		{F9437BC9-D7ED-4B1E-A2D6-6AEE88AB3C9B}.Debug|Any CPU.Build.0 = Debug|Any CPU
		{F9437BC9-D7ED-4B1E-A2D6-6AEE88AB3C9B}.Release|Any CPU.ActiveCfg = Release|Any CPU
		{F9437BC9-D7ED-4B1E-A2D6-6AEE88AB3C9B}.Release|Any CPU.Build.0 = Release|Any CPU
	EndGlobalSection
	GlobalSection(SolutionProperties) = preSolution
		HideSolutionNode = FALSE
	EndGlobalSection
	GlobalSection(ExtensibilityGlobals) = postSolution
		SolutionGuid = {E6B5F1E0-DB40-41F6-BE3A-1EE58B5FBAD1}
	EndGlobalSection
EndGlobal
